
Microsoft Visual Studio Solution File, Format Version 12.00
# Visual Studio Version 17
VisualStudioVersion = 17.13.35723.152 d17.13
MinimumVisualStudioVersion = 10.0.40219.1
Project("{8BC9CEB8-8B4A-11D0-8D11-00A0C91BC942}") = "SpotifyLikeApplication", "SpotifyLikeApplication.vcxproj", "{8844395D-F672-4090-9EFA-A9A78A62C75D}"
EndProject
Global
	GlobalSection(SolutionConfigurationPlatforms) = preSolution
		Debug|x64 = Debug|x64
		Debug|x86 = Debug|x86
		Release|x64 = Release|x64
		Release|x86 = Release|x86
	EndGlobalSection
	GlobalSection(ProjectConfigurationPlatforms) = postSolution
		{8844395D-F672-4090-9EFA-A9A78A62C75D}.Debug|x64.ActiveCfg = Debug|x64
		{8844395D-F672-4090-9EFA-A9A78A62C75D}.Debug|x64.Build.0 = Debug|x64
		{8844395D-F672-4090-9EFA-A9A78A62C75D}.Debug|x86.ActiveCfg = Debug|Win32
		{8844395D-F672-4090-9EFA-A9A78A62C75D}.Debug|x86.Build.0 = Debug|Win32
		{8844395D-F672-4090-9EFA-A9A78A62C75D}.Release|x64.ActiveCfg = Release|x64
		{8844395D-F672-4090-9EFA-A9A78A62C75D}.Release|x64.Build.0 = Release|x64
		{8844395D-F672-4090-9EFA-A9A78A62C75D}.Release|x86.ActiveCfg = Release|Win32
		{8844395D-F672-4090-9EFA-A9A78A62C75D}.Release|x86.Build.0 = Release|Win32
	EndGlobalSection
	GlobalSection(SolutionProperties) = preSolution
		HideSolutionNode = FALSE
	EndGlobalSection
	GlobalSection(ExtensibilityGlobals) = postSolution
		SolutionGuid = {4437F6DB-AB04-444D-AA4D-CB67E65F6666}
	EndGlobalSection
EndGlobal
